
Microsoft Visual Studio Solution File, Format Version 11.00
# Visual Studio 2010
Project("{FAE04EC0-301F-11D3-BF4B-00C04F79EFBC}") = "Xamarin.DropDownList", "Xamarin.DropDownList\Xamarin.DropDownList.csproj", "{D955C365-1CA8-4705-A768-FA49553E6A87}"
EndProject
Project("{FAE04EC0-301F-11D3-BF4B-00C04F79EFBC}") = "sample.dropdownlist", "sample.dropdownlist\sample.dropdownlist.csproj", "{9A45AD78-D364-434B-BEE1-76AED4827B8C}"
EndProject
Global
	GlobalSection(SolutionConfigurationPlatforms) = preSolution
		Debug|Any CPU = Debug|Any CPU
		Release|Any CPU = Release|Any CPU
		Debug|iPhoneSimulator = Debug|iPhoneSimulator
		Release|iPhoneSimulator = Release|iPhoneSimulator
		Debug|iPhone = Debug|iPhone
		Release|iPhone = Release|iPhone
		Ad-Hoc|iPhone = Ad-Hoc|iPhone
		AppStore|iPhone = AppStore|iPhone
	EndGlobalSection
	GlobalSection(ProjectConfigurationPlatforms) = postSolution
		{9A45AD78-D364-434B-BEE1-76AED4827B8C}.Ad-Hoc|iPhone.ActiveCfg = Ad-Hoc|iPhone
		{9A45AD78-D364-434B-BEE1-76AED4827B8C}.Ad-Hoc|iPhone.Build.0 = Ad-Hoc|iPhone
		{9A45AD78-D364-434B-BEE1-76AED4827B8C}.AppStore|iPhone.ActiveCfg = AppStore|iPhone
		{9A45AD78-D364-434B-BEE1-76AED4827B8C}.AppStore|iPhone.Build.0 = AppStore|iPhone
		{9A45AD78-D364-434B-BEE1-76AED4827B8C}.Debug|Any CPU.ActiveCfg = Debug|iPhoneSimulator
		{9A45AD78-D364-434B-BEE1-76AED4827B8C}.Debug|Any CPU.Build.0 = Debug|iPhoneSimulator
		{9A45AD78-D364-434B-BEE1-76AED4827B8C}.Debug|iPhone.ActiveCfg = Debug|iPhone
		{9A45AD78-D364-434B-BEE1-76AED4827B8C}.Debug|iPhone.Build.0 = Debug|iPhone
		{9A45AD78-D364-434B-BEE1-76AED4827B8C}.Debug|iPhoneSimulator.ActiveCfg = Debug|iPhoneSimulator
		{9A45AD78-D364-434B-BEE1-76AED4827B8C}.Debug|iPhoneSimulator.Build.0 = Debug|iPhoneSimulator
		{9A45AD78-D364-434B-BEE1-76AED4827B8C}.Release|Any CPU.ActiveCfg = Release|iPhoneSimulator
		{9A45AD78-D364-434B-BEE1-76AED4827B8C}.Release|Any CPU.Build.0 = Release|iPhoneSimulator
		{9A45AD78-D364-434B-BEE1-76AED4827B8C}.Release|iPhone.ActiveCfg = Release|iPhone
		{9A45AD78-D364-434B-BEE1-76AED4827B8C}.Release|iPhone.Build.0 = Release|iPhone
		{9A45AD78-D364-434B-BEE1-76AED4827B8C}.Release|iPhoneSimulator.ActiveCfg = Release|iPhoneSimulator
		{9A45AD78-D364-434B-BEE1-76AED4827B8C}.Release|iPhoneSimulator.Build.0 = Release|iPhoneSimulator
		{D955C365-1CA8-4705-A768-FA49553E6A87}.Ad-Hoc|iPhone.ActiveCfg = Debug|Any CPU
		{D955C365-1CA8-4705-A768-FA49553E6A87}.Ad-Hoc|iPhone.Build.0 = Debug|Any CPU
		{D955C365-1CA8-4705-A768-FA49553E6A87}.AppStore|iPhone.ActiveCfg = Debug|Any CPU
		{D955C365-1CA8-4705-A768-FA49553E6A87}.AppStore|iPhone.Build.0 = Debug|Any CPU
		{D955C365-1CA8-4705-A768-FA49553E6A87}.Debug|Any CPU.ActiveCfg = Debug|Any CPU
		{D955C365-1CA8-4705-A768-FA49553E6A87}.Debug|Any CPU.Build.0 = Debug|Any CPU
		{D955C365-1CA8-4705-A768-FA49553E6A87}.Debug|iPhone.ActiveCfg = Debug|Any CPU
		{D955C365-1CA8-4705-A768-FA49553E6A87}.Debug|iPhone.Build.0 = Debug|Any CPU
		{D955C365-1CA8-4705-A768-FA49553E6A87}.Debug|iPhoneSimulator.ActiveCfg = Debug|Any CPU
		{D955C365-1CA8-4705-A768-FA49553E6A87}.Debug|iPhoneSimulator.Build.0 = Debug|Any CPU
		{D955C365-1CA8-4705-A768-FA49553E6A87}.Release|Any CPU.ActiveCfg = Release|Any CPU
		{D955C365-1CA8-4705-A768-FA49553E6A87}.Release|Any CPU.Build.0 = Release|Any CPU
		{D955C365-1CA8-4705-A768-FA49553E6A87}.Release|iPhone.ActiveCfg = Release|Any CPU
		{D955C365-1CA8-4705-A768-FA49553E6A87}.Release|iPhone.Build.0 = Release|Any CPU
		{D955C365-1CA8-4705-A768-FA49553E6A87}.Release|iPhoneSimulator.ActiveCfg = Release|Any CPU
		{D955C365-1CA8-4705-A768-FA49553E6A87}.Release|iPhoneSimulator.Build.0 = Release|Any CPU
	EndGlobalSection
	GlobalSection(MonoDevelopProperties) = preSolution
		StartupItem = sample.dropdownlist\sample.dropdownlist.csproj
	EndGlobalSection
EndGlobal
